
Microsoft Visual Studio Solution File, Format Version 12.00
# Visual Studio Version 16
VisualStudioVersion = 16.0.29911.84
MinimumVisualStudioVersion = 10.0.40219.1
Project("{FAE04EC0-301F-11D3-BF4B-00C04F79EFBC}") = "HomeAssistantComputerSensors", "HomeAssistantComputerSensors\HomeAssistantComputerSensors.csproj", "{5C414A88-4ED0-48FC-8E02-C7CD357C9C32}"
EndProject
Global
	GlobalSection(SolutionConfigurationPlatforms) = preSolution
		Debug|Any CPU = Debug|Any CPU
		Release|Any CPU = Release|Any CPU
	EndGlobalSection
	GlobalSection(ProjectConfigurationPlatforms) = postSolution
		{5C414A88-4ED0-48FC-8E02-C7CD357C9C32}.Debug|Any CPU.ActiveCfg = Debug|Any CPU
		{5C414A88-4ED0-48FC-8E02-C7CD357C9C32}.Debug|Any CPU.Build.0 = Debug|Any CPU
		{5C414A88-4ED0-48FC-8E02-C7CD357C9C32}.Release|Any CPU.ActiveCfg = Release|Any CPU
		{5C414A88-4ED0-48FC-8E02-C7CD357C9C32}.Release|Any CPU.Build.0 = Release|Any CPU
	EndGlobalSection
	GlobalSection(SolutionProperties) = preSolution
		HideSolutionNode = FALSE
	EndGlobalSection
	GlobalSection(ExtensibilityGlobals) = postSolution
		SolutionGuid = {83CC3A9F-BAE1-433A-B5F6-ED9D9FD36174}
	EndGlobalSection
EndGlobal
